
Microsoft Visual Studio Solution File, Format Version 12.00
# Visual Studio Version 17
VisualStudioVersion = 17.0.31903.59
MinimumVisualStudioVersion = 10.0.40219.1
Project("{FAE04EC0-301F-11D3-BF4B-00C04F79EFBC}") = "HD.Station.MediaManagement.Abstractions", "HD.Station.MediaManagement.Abstractions\HD.Station.MediaManagement.Abstractions.csproj", "{501312F8-3D0A-49C4-9661-91F786BD9C85}"
EndProject
Project("{FAE04EC0-301F-11D3-BF4B-00C04F79EFBC}") = "HD.Station.MediaManagement.SqlServer", "HD.Station.MediaManagement.SqlServer\HD.Station.MediaManagement.SqlServer.csproj", "{5905AB3E-3A93-40AA-B622-9BD7AD1186DC}"
EndProject
Project("{2150E333-8FDC-42A3-9474-1A3956D46DE8}") = "demo", "demo", "{02EA681E-C7D8-13C7-8484-4AC65E1B71E8}"
EndProject
Project("{2150E333-8FDC-42A3-9474-1A3956D46DE8}") = "src", "src", "{956A5445-8495-4170-83A1-86AB6868EEE9}"
EndProject
Project("{FAE04EC0-301F-11D3-BF4B-00C04F79EFBC}") = "HD.Station.MediaManagement.Mvc", "HD.Station.MediaManagement.Mvc\HD.Station.MediaManagement.Mvc.csproj", "{0A9AF6F6-961A-4494-8528-A0D25DC9CA29}"
EndProject
Project("{FAE04EC0-301F-11D3-BF4B-00C04F79EFBC}") = "HD.Station.MediaManagement.Demo", "HD.Station.MediaManagement.Demo\HD.Station.MediaManagement.Demo.csproj", "{10507EA7-EFD5-4BEA-9226-79D9418119D5}"
EndProject
Global
	GlobalSection(SolutionConfigurationPlatforms) = preSolution
		Debug|Any CPU = Debug|Any CPU
		Release|Any CPU = Release|Any CPU
	EndGlobalSection
	GlobalSection(ProjectConfigurationPlatforms) = postSolution
		{501312F8-3D0A-49C4-9661-91F786BD9C85}.Debug|Any CPU.ActiveCfg = Debug|Any CPU
		{501312F8-3D0A-49C4-9661-91F786BD9C85}.Debug|Any CPU.Build.0 = Debug|Any CPU
		{501312F8-3D0A-49C4-9661-91F786BD9C85}.Release|Any CPU.ActiveCfg = Release|Any CPU
		{501312F8-3D0A-49C4-9661-91F786BD9C85}.Release|Any CPU.Build.0 = Release|Any CPU
		{5905AB3E-3A93-40AA-B622-9BD7AD1186DC}.Debug|Any CPU.ActiveCfg = Debug|Any CPU
		{5905AB3E-3A93-40AA-B622-9BD7AD1186DC}.Debug|Any CPU.Build.0 = Debug|Any CPU
		{5905AB3E-3A93-40AA-B622-9BD7AD1186DC}.Release|Any CPU.ActiveCfg = Release|Any CPU
		{5905AB3E-3A93-40AA-B622-9BD7AD1186DC}.Release|Any CPU.Build.0 = Release|Any CPU
		{0A9AF6F6-961A-4494-8528-A0D25DC9CA29}.Debug|Any CPU.ActiveCfg = Debug|Any CPU
		{0A9AF6F6-961A-4494-8528-A0D25DC9CA29}.Debug|Any CPU.Build.0 = Debug|Any CPU
		{0A9AF6F6-961A-4494-8528-A0D25DC9CA29}.Release|Any CPU.ActiveCfg = Release|Any CPU
		{0A9AF6F6-961A-4494-8528-A0D25DC9CA29}.Release|Any CPU.Build.0 = Release|Any CPU
		{10507EA7-EFD5-4BEA-9226-79D9418119D5}.Debug|Any CPU.ActiveCfg = Debug|Any CPU
		{10507EA7-EFD5-4BEA-9226-79D9418119D5}.Debug|Any CPU.Build.0 = Debug|Any CPU
		{10507EA7-EFD5-4BEA-9226-79D9418119D5}.Release|Any CPU.ActiveCfg = Release|Any CPU
		{10507EA7-EFD5-4BEA-9226-79D9418119D5}.Release|Any CPU.Build.0 = Release|Any CPU
	EndGlobalSection
	GlobalSection(SolutionProperties) = preSolution
		HideSolutionNode = FALSE
	EndGlobalSection
	GlobalSection(NestedProjects) = preSolution
		{501312F8-3D0A-49C4-9661-91F786BD9C85} = {956A5445-8495-4170-83A1-86AB6868EEE9}
		{5905AB3E-3A93-40AA-B622-9BD7AD1186DC} = {956A5445-8495-4170-83A1-86AB6868EEE9}
		{0A9AF6F6-961A-4494-8528-A0D25DC9CA29} = {956A5445-8495-4170-83A1-86AB6868EEE9}
		{10507EA7-EFD5-4BEA-9226-79D9418119D5} = {02EA681E-C7D8-13C7-8484-4AC65E1B71E8}
	EndGlobalSection
	GlobalSection(ExtensibilityGlobals) = postSolution
		SolutionGuid = {9F77064D-E89B-4D4A-8D4E-A4F6BA66579D}
	EndGlobalSection
EndGlobal
